{
  "name": "@mesh-protocol/contracts",
  "version": "0.1.0",
  "lockfileVersion": 3,
  "requires": true,
  "packages": {
    "": {
      "name": "@mesh-protocol/contracts",
      "version": "0.1.0",
      "dependencies": {
        "@somnia-chain/reactivity-contracts": "0.1.6"
      }
    },
    "node_modules/@somnia-chain/reactivity-contracts": {
      "version": "0.1.6",
      "resolved": "https://registry.npmjs.org/@somnia-chain/reactivity-contracts/-/reactivity-contracts-0.1.6.tgz",
      "integrity": "sha512-PuCu4q1ydHpEwR3kis1HE//wxU7NxLEs1PM6nXZOy0P2c4cbHoA/1FvF/Zv4pFbdWLYzl1k9kdF/orj6h80ILA==",
      "license": "MIT"
    }
  }
}
